{
  "version": "5",
  "specifiers": {
    "jsr:@evex/linejs-types@^3.2.1": "3.2.1",
    "jsr:@evex/linejs@3.2.1": "3.2.1",
    "jsr:@evex/linejs@^3.2.1": "3.2.1",
    "jsr:@evex/loose-types@^1.0.1": "1.0.1",
    "jsr:@std/assert@1": "1.0.19",
    "jsr:@std/internal@^1.0.12": "1.0.14",
    "jsr:@std/internal@^1.0.14": "1.0.14",
    "jsr:@std/path@1": "1.1.6",
    "npm:@noble/ciphers@^2.2.0": "2.2.0",
    "npm:@types/node-int64@~0.4.32": "0.4.32",
    "npm:@types/thrift@~0.10.17": "0.10.17",
    "npm:crypto-js@^4.2.0": "4.2.0",
    "npm:curve25519-js@^0.0.4": "0.0.4",
    "npm:node-bignumber@^1.2.2": "1.2.2",
    "npm:node-int64@0.4": "0.4.0",
    "npm:opusscript@0.1.1": "0.1.1",
    "npm:opusscript@~0.1.1": "0.1.1",
    "npm:thrift@0.20": "0.20.0",
    "npm:tweetnacl@^1.0.3": "1.0.3",
    "npm:undici@7": "7.29.0"
  },
  "jsr": {
    "@evex/linejs@3.2.1": {
      "integrity": "b252e63515868826315bfce9cecea612b968b5644f7e3fc6506f91997f0f18e3",
      "dependencies": [
        "jsr:@evex/linejs-types",
        "jsr:@evex/loose-types",
        "npm:@noble/ciphers",
        "npm:@types/node-int64",
        "npm:@types/thrift",
        "npm:crypto-js",
        "npm:curve25519-js",
        "npm:node-bignumber",
        "npm:node-int64",
        "npm:opusscript@~0.1.1",
        "npm:thrift",
        "npm:tweetnacl",
        "npm:undici"
      ]
    },
    "@evex/linejs-types@3.2.1": {
      "integrity": "896741b7e0c47e4973e4218c4af08a2ab5dcf816d673866efa8354c3089b8a29",
      "dependencies": [
        "jsr:@evex/loose-types"
      ]
    },
    "@evex/loose-types@1.0.1": {
      "integrity": "6f233f1af29a3f2c6c3ba8de3ce3b74d4dc660dc202ed8160a5522170333bd1d"
    },
    "@std/assert@1.0.19": {
      "integrity": "eaada96ee120cb980bc47e040f82814d786fe8162ecc53c91d8df60b8755991e",
      "dependencies": [
        "jsr:@std/internal@^1.0.12"
      ]
    },
    "@std/internal@1.0.14": {
      "integrity": "291516b3d4c35024d6ffbc0a9df5bf4c64116e05b50012cf846710152d2ffdf7"
    },
    "@std/path@1.1.6": {
      "integrity": "c68485c2a4dfbb5ae3cc74fae4e8c4e5d874cf8a8ed12927917235c758b46cbe",
      "dependencies": [
        "jsr:@std/internal@^1.0.14"
      ]
    }
  },
  "npm": {
    "@noble/ciphers@2.2.0": {
      "integrity": "sha512-Z6pjIZ/8IJcCGzb2S/0Px5J81yij85xASuk1teLNeg75bfT07MV3a/O2Mtn1I2se43k3lkVEcFaR10N4cgQcZA=="
    },
    "@types/node-int64@0.4.32": {
      "integrity": "sha512-xf/JsSlnXQ+mzvc0IpXemcrO4BrCfpgNpMco+GLcXkFk01k/gW9lGJu+Vof0ZSvHK6DsHJDPSbjFPs36QkWXqw==",
      "dependencies": [
        "@types/node"
      ]
    },
    "@types/node@26.1.2": {
      "integrity": "sha512-Vu4a5UFA9rIIFJ7rB/Vaafh9lrCQszopTCx6KjFboXTGQbPNasehVR5TEiithSDGyd1DEiUByggTZsg8jukeIg==",
      "dependencies": [
        "undici-types"
      ]
    },
    "@types/q@1.5.8": {
      "integrity": "sha512-hroOstUScF6zhIi+5+x0dzqrHA1EJi+Irri6b1fxolMTqqHIV/Cg77EtnQcZqZCu8hR3mX2BzIxN4/GzI68Kfw=="
    },
    "@types/thrift@0.10.17": {
      "integrity": "sha512-bDX6d5a5ZDWC81tgDv224n/3PKNYfIQJTPHzlbk4vBWJrYXF6Tg1ncaVmP/c3JbGN2AK9p7zmHorJC2D6oejGQ==",
      "dependencies": [
        "@types/node",
        "@types/node-int64",
        "@types/q"
      ]
    },
    "async-limiter@1.0.1": {
      "integrity": "sha512-csOlWGAcRFJaI6m+F2WKdnMKr4HhdhFVBk0H/QbJFMCr+uO2kwohwXQPxw/9OCxp05r5ghVBFSyioixx3gfkNQ=="
    },
    "browser-or-node@1.3.0": {
      "integrity": "sha512-0F2z/VSnLbmEeBcUrSuDH5l0HxTXdQQzLjkmBR4cYfvg1zJrKSlmIZFqyFR8oX0NrwPhy3c3HQ6i3OxMbew4Tg=="
    },
    "crypto-js@4.2.0": {
      "integrity": "sha512-KALDyEYgpY+Rlob/iriUtjV6d5Eq+Y191A5g4UqLAi8CyGP9N1+FdVbkc1SxKc2r4YAYqG8JzO2KGL+AizD70Q=="
    },
    "curve25519-js@0.0.4": {
      "integrity": "sha512-axn2UMEnkhyDUPWOwVKBMVIzSQy2ejH2xRGy1wq81dqRwApXfIzfbE3hIX0ZRFBIihf/KDqK158DLwESu4AK1w=="
    },
    "isomorphic-ws@4.0.1_ws@5.2.7": {
      "integrity": "sha512-BhBvN2MBpWTaSHdWRb/bwdZJ1WaehQ2L1KngkCkfLUGF0mAWAT1sQUQacEmQ0jXkFw/czDXPNQSL5u2/Krsz1w==",
      "dependencies": [
        "ws"
      ]
    },
    "node-bignumber@1.2.2": {
      "integrity": "sha512-VoTZHmdFQpZH1+q1dz2qcHNCwTWsJg2T3PYwlAyDNFOfVhSYUKQBLFcCpCud+wJBGgCttGavZILaIggDIKqEQQ=="
    },
    "node-int64@0.4.0": {
      "integrity": "sha512-O5lz91xSOeoXP6DulyHfllpq+Eg00MWitZIbtPfoSEvqIHdl5gfcY6hYzDWnj0qD5tz52PI08u9qUvSVeUBeHw=="
    },
    "opusscript@0.1.1": {
      "integrity": "sha512-mL0fZZOUnXdZ78woRXp18lApwpp0lF5tozJOD1Wut0dgrA9WuQTgSels/CSmFleaAZrJi/nci5KOVtbuxeWoQA=="
    },
    "q@1.5.1": {
      "integrity": "sha512-kV/CThkXo6xyFEZUugw/+pIOywXcDbFYgSct5cT3gqlbkBE1SJdwy6UQoZvodiWF/ckQLZyDE/Bu1M6gVu5lVw==",
      "deprecated": true
    },
    "thrift@0.20.0": {
      "integrity": "sha512-oSmJTaoIAGolpupVHFfsWcmdEKX81fcDI6ty0hhezzdgZvp0XyXgMe9+1YusI8Ahy0HK4n8jlNrkPjOPeHZjdQ==",
      "dependencies": [
        "browser-or-node",
        "isomorphic-ws",
        "node-int64",
        "q",
        "ws"
      ]
    },
    "tweetnacl@1.0.3": {
      "integrity": "sha512-6rt+RN7aOi1nGMyC4Xa5DdYiukl2UWCbcJft7YhxReBGQD7OAM8Pbxw6YMo4r2diNEA8FEmu32YOn9rhaiE5yw=="
    },
    "undici-types@8.3.0": {
      "integrity": "sha512-j375ScV60dom+YkPFIfTLcOiPxkN/buHz5GobjLhixFuANaNs3C9l4GmrWqejgXWJ7BbJcFYpTEUkS1Ge8bpZQ=="
    },
    "undici@7.29.0": {
      "integrity": "sha512-IDxfleLmmbSskfWSUATiN1nfn2rDuvnMOqb5CWR92iIfojA0Ud+ulOAAEQ57LPr9rWmsreUyf5lwyao+7GNNVw=="
    },
    "ws@5.2.7": {
      "integrity": "sha512-Yp1RXz/2h2qC/Gy7d5mqQcpuCWbXiO6FgYw/jTbSvytZF9wD7fh7od+6WzWR/y9EAnXcJjQZpPkYVmj3T2bj+Q==",
      "dependencies": [
        "async-limiter"
      ]
    }
  },
  "workspace": {
    "dependencies": [
      "jsr:@evex/linejs-types@^3.2.1",
      "jsr:@evex/linejs@^3.2.1",
      "jsr:@std/assert@1",
      "jsr:@std/path@1",
      "npm:opusscript@0.1.1"
    ]
  }
}
